
Microsoft Visual Studio Solution File, Format Version 12.00
# Visual Studio Version 17
VisualStudioVersion = 17.9.34728.123
MinimumVisualStudioVersion = 10.0.40219.1
Project("{FAE04EC0-301F-11D3-BF4B-00C04F79EFBC}") = "UnityMembers", "UnityMembers.csproj", "{721FF68E-56C6-4328-B275-B98D42404B2D}"
EndProject
Global
	GlobalSection(SolutionConfigurationPlatforms) = preSolution
		Debug|Any CPU = Debug|Any CPU
		Release|Any CPU = Release|Any CPU
	EndGlobalSection
	GlobalSection(ProjectConfigurationPlatforms) = postSolution
		{721FF68E-56C6-4328-B275-B98D42404B2D}.Debug|Any CPU.ActiveCfg = Debug|Any CPU
		{721FF68E-56C6-4328-B275-B98D42404B2D}.Debug|Any CPU.Build.0 = Debug|Any CPU
		{721FF68E-56C6-4328-B275-B98D42404B2D}.Release|Any CPU.ActiveCfg = Release|Any CPU
		{721FF68E-56C6-4328-B275-B98D42404B2D}.Release|Any CPU.Build.0 = Release|Any CPU
	EndGlobalSection
	GlobalSection(SolutionProperties) = preSolution
		HideSolutionNode = FALSE
	EndGlobalSection
	GlobalSection(ExtensibilityGlobals) = postSolution
		SolutionGuid = {A6CF3D99-0D9D-4E8E-8C61-5E9BB98BEDF4}
	EndGlobalSection
EndGlobal
